
Microsoft Visual Studio Solution File, Format Version 12.00
# Visual Studio Version 16
VisualStudioVersion = 16.0.31112.23
MinimumVisualStudioVersion = 10.0.40219.1
Project("{FAE04EC0-301F-11D3-BF4B-00C04F79EFBC}") = "People", "People\People.csproj", "{B7AE62CF-EE13-49C0-973A-5F139ADBA6A0}"
EndProject
Global
	GlobalSection(SolutionConfigurationPlatforms) = preSolution
		Debug|Any CPU = Debug|Any CPU
		Release|Any CPU = Release|Any CPU
	EndGlobalSection
	GlobalSection(ProjectConfigurationPlatforms) = postSolution
		{B7AE62CF-EE13-49C0-973A-5F139ADBA6A0}.Debug|Any CPU.ActiveCfg = Debug|Any CPU
		{B7AE62CF-EE13-49C0-973A-5F139ADBA6A0}.Debug|Any CPU.Build.0 = Debug|Any CPU
		{B7AE62CF-EE13-49C0-973A-5F139ADBA6A0}.Release|Any CPU.ActiveCfg = Release|Any CPU
		{B7AE62CF-EE13-49C0-973A-5F139ADBA6A0}.Release|Any CPU.Build.0 = Release|Any CPU
	EndGlobalSection
	GlobalSection(SolutionProperties) = preSolution
		HideSolutionNode = FALSE
	EndGlobalSection
	GlobalSection(ExtensibilityGlobals) = postSolution
		SolutionGuid = {3900F0B2-84DE-4A72-81BF-3D134A02C6F1}
	EndGlobalSection
EndGlobal
